// !$*UTF8*$!
{
	archiveVersion = 1;
	classes = {
	};
	objectVersion = 77;
	objects = {

/* Begin PBXContainerItemProxy section */
		E52A8CFA2D1155EB001EF289 /* PBXContainerItemProxy */ = {
			isa = PBXContainerItemProxy;
			containerPortal = E52A8CD82D1155E4001EF289 /* Project object */;
			proxyType = 1;
			remoteGlobalIDString = E52A8CDF2D1155E4001EF289;
			remoteInfo = Assesment;
		};
		E52A8D042D1155EB001EF289 /* PBXContainerItemProxy */ = {
			isa = PBXContainerItemProxy;
			containerPortal = E52A8CD82D1155E4001EF289 /* Project object */;
			proxyType = 1;
			remoteGlobalIDString = E52A8CDF2D1155E4001EF289;
			remoteInfo = Assesment;
		};
/* End PBXContainerItemProxy section */

/* Begin PBXFileReference section */
		E52A8CE02D1155E4001EF289 /* Assesment.app */ = {isa = PBXFileReference; explicitFileType = wrapper.application; includeInIndex = 0; path = Assesment.app; sourceTree = BUILT_PRODUCTS_DIR; };
		E52A8CF92D1155EB001EF289 /* AssesmentTests.xctest */ = {isa = PBXFileReference; explicitFileType = wrapper.cfbundle; includeInIndex = 0; path = AssesmentTests.xctest; sourceTree = BUILT_PRODUCTS_DIR; };
		E52A8D032D1155EB001EF289 /* AssesmentUITests.xctest */ = {isa = PBXFileReference; explicitFileType = wrapper.cfbundle; includeInIndex = 0; path = AssesmentUITests.xctest; sourceTree = BUILT_PRODUCTS_DIR; };
/* End PBXFileReference section */

/* Begin PBXFileSystemSynchronizedBuildFileExceptionSet section */
		E52A8D0B2D1155EB001EF289 /* Exceptions for "Assesment" folder in "Assesment" target */ = {
			isa = PBXFileSystemSynchronizedBuildFileExceptionSet;
			membershipExceptions = (
				Info.plist,
			);
			target = E52A8CDF2D1155E4001EF289 /* Assesment */;
		};
/* End PBXFileSystemSynchronizedBuildFileExceptionSet section */

/* Begin PBXFileSystemSynchronizedRootGroup section */
		E52A8CE22D1155E4001EF289 /* Assesment */ = {
			isa = PBXFileSystemSynchronizedRootGroup;
			exceptions = (
				E52A8D0B2D1155EB001EF289 /* Exceptions for "Assesment" folder in "Assesment" target */,
			);
			path = Assesment;
			sourceTree = "<group>";
		};
		E52A8CFC2D1155EB001EF289 /* AssesmentTests */ = {
			isa = PBXFileSystemSynchronizedRootGroup;
			path = AssesmentTests;
			sourceTree = "<group>";
		};
		E52A8D062D1155EB001EF289 /* AssesmentUITests */ = {
			isa = PBXFileSystemSynchronizedRootGroup;
			path = AssesmentUITests;
			sourceTree = "<group>";
		};
/* End PBXFileSystemSynchronizedRootGroup section */

/* Begin PBXFrameworksBuildPhase section */
		E52A8CDD2D1155E4001EF289 /* Frameworks */ = {
			isa = PBXFrameworksBuildPhase;
			buildActionMask = 2147483647;
			files = (
			);
			runOnlyForDeploymentPostprocessing = 0;
		};
		E52A8CF62D1155EB001EF289 /* Frameworks */ = {
			isa = PBXFrameworksBuildPhase;
			buildActionMask = 2147483647;
			files = (
			);
			runOnlyForDeploymentPostprocessing = 0;
		};
		E52A8D002D1155EB001EF289 /* Frameworks */ = {
			isa = PBXFrameworksBuildPhase;
			buildActionMask = 2147483647;
			files = (
			);
			runOnlyForDeploymentPostprocessing = 0;
		};
/* End PBXFrameworksBuildPhase section */

/* Begin PBXGroup section */
		E52A8CD72D1155E4001EF289 = {
			isa = PBXGroup;
			children = (
				E52A8CE22D1155E4001EF289 /* Assesment */,
				E52A8CFC2D1155EB001EF289 /* AssesmentTests */,
				E52A8D062D1155EB001EF289 /* AssesmentUITests */,
				E52A8CE12D1155E4001EF289 /* Products */,
			);
			sourceTree = "<group>";
		};
		E52A8CE12D1155E4001EF289 /* Products */ = {
			isa = PBXGroup;
			children = (
				E52A8CE02D1155E4001EF289 /* Assesment.app */,
				E52A8CF92D1155EB001EF289 /* AssesmentTests.xctest */,
				E52A8D032D1155EB001EF289 /* AssesmentUITests.xctest */,
			);
			name = Products;
			sourceTree = "<group>";
		};
/* End PBXGroup section */

/* Begin PBXNativeTarget section */
		E52A8CDF2D1155E4001EF289 /* Assesment */ = {
			isa = PBXNativeTarget;
			buildConfigurationList = E52A8D0C2D1155EB001EF289 /* Build configuration list for PBXNativeTarget "Assesment" */;
			buildPhases = (
				E52A8CDC2D1155E4001EF289 /* Sources */,
				E52A8CDD2D1155E4001EF289 /* Frameworks */,
				E52A8CDE2D1155E4001EF289 /* Resources */,
			);
			buildRules = (
			);
			dependencies = (
			);
			fileSystemSynchronizedGroups = (
				E52A8CE22D1155E4001EF289 /* Assesment */,
			);
			name = Assesment;
			packageProductDependencies = (
			);
			productName = Assesment;
			productReference = E52A8CE02D1155E4001EF289 /* Assesment.app */;
			productType = "com.apple.product-type.application";
		};
		E52A8CF82D1155EB001EF289 /* AssesmentTests */ = {
			isa = PBXNativeTarget;
			buildConfigurationList = E52A8D112D1155EB001EF289 /* Build configuration list for PBXNativeTarget "AssesmentTests" */;
			buildPhases = (
				E52A8CF52D1155EB001EF289 /* Sources */,
				E52A8CF62D1155EB001EF289 /* Frameworks */,
				E52A8CF72D1155EB001EF289 /* Resources */,
			);
			buildRules = (
			);
			dependencies = (
				E52A8CFB2D1155EB001EF289 /* PBXTargetDependency */,
			);
			fileSystemSynchronizedGroups = (
				E52A8CFC2D1155EB001EF289 /* AssesmentTests */,
			);
			name = AssesmentTests;
			packageProductDependencies = (
			);
			productName = AssesmentTests;
			productReference = E52A8CF92D1155EB001EF289 /* AssesmentTests.xctest */;
			productType = "com.apple.product-type.bundle.unit-test";
		};
		E52A8D022D1155EB001EF289 /* AssesmentUITests */ = {
			isa = PBXNativeTarget;
			buildConfigurationList = E52A8D142D1155EB001EF289 /* Build configuration list for PBXNativeTarget "AssesmentUITests" */;
			buildPhases = (
				E52A8CFF2D1155EB001EF289 /* Sources */,
				E52A8D002D1155EB001EF289 /* Frameworks */,
				E52A8D012D1155EB001EF289 /* Resources */,
			);
			buildRules = (
			);
			dependencies = (
				E52A8D052D1155EB001EF289 /* PBXTargetDependency */,
			);
			fileSystemSynchronizedGroups = (
				E52A8D062D1155EB001EF289 /* AssesmentUITests */,
			);
			name = AssesmentUITests;
			packageProductDependencies = (
			);
			productName = AssesmentUITests;
			productReference = E52A8D032D1155EB001EF289 /* AssesmentUITests.xctest */;
			productType = "com.apple.product-type.bundle.ui-testing";
		};
/* End PBXNativeTarget section */

/* Begin PBXProject section */
		E52A8CD82D1155E4001EF289 /* Project object */ = {
			isa = PBXProject;
			attributes = {
				BuildIndependentTargetsInParallel = 1;
				LastSwiftUpdateCheck = 1620;
				LastUpgradeCheck = 1620;
				TargetAttributes = {
					E52A8CDF2D1155E4001EF289 = {
						CreatedOnToolsVersion = 16.2;
					};
					E52A8CF82D1155EB001EF289 = {
						CreatedOnToolsVersion = 16.2;
						TestTargetID = E52A8CDF2D1155E4001EF289;
					};
					E52A8D022D1155EB001EF289 = {
						CreatedOnToolsVersion = 16.2;
						TestTargetID = E52A8CDF2D1155E4001EF289;
					};
				};
			};
			buildConfigurationList = E52A8CDB2D1155E4001EF289 /* Build configuration list for PBXProject "Assesment" */;
			developmentRegion = en;
			hasScannedForEncodings = 0;
			knownRegions = (
				en,
				Base,
			);
			mainGroup = E52A8CD72D1155E4001EF289;
			minimizedProjectReferenceProxies = 1;
			preferredProjectObjectVersion = 77;
			productRefGroup = E52A8CE12D1155E4001EF289 /* Products */;
			projectDirPath = "";
			projectRoot = "";
			targets = (
				E52A8CDF2D1155E4001EF289 /* Assesment */,
				E52A8CF82D1155EB001EF289 /* AssesmentTests */,
				E52A8D022D1155EB001EF289 /* AssesmentUITests */,
			);
		};
/* End PBXProject section */

/* Begin PBXResourcesBuildPhase section */
		E52A8CDE2D1155E4001EF289 /* Resources */ = {
			isa = PBXResourcesBuildPhase;
			buildActionMask = 2147483647;
			files = (
			);
			runOnlyForDeploymentPostprocessing = 0;
		};
		E52A8CF72D1155EB001EF289 /* Resources */ = {
			isa = PBXResourcesBuildPhase;
			buildActionMask = 2147483647;
			files = (
			);
			runOnlyForDeploymentPostprocessing = 0;
		};
		E52A8D012D1155EB001EF289 /* Resources */ = {
			isa = PBXResourcesBuildPhase;
			buildActionMask = 2147483647;
			files = (
			);
			runOnlyForDeploymentPostprocessing = 0;
		};
/* End PBXResourcesBuildPhase section */

/* Begin PBXSourcesBuildPhase section */
		E52A8CDC2D1155E4001EF289 /* Sources */ = {
			isa = PBXSourcesBuildPhase;
			buildActionMask = 2147483647;
			files = (
			);
			runOnlyForDeploymentPostprocessing = 0;
		};
		E52A8CF52D1155EB001EF289 /* Sources */ = {
			isa = PBXSourcesBuildPhase;
			buildActionMask = 2147483647;
			files = (
			);
			runOnlyForDeploymentPostprocessing = 0;
		};
		E52A8CFF2D1155EB001EF289 /* Sources */ = {
			isa = PBXSourcesBuildPhase;
			buildActionMask = 2147483647;
			files = (
			);
			runOnlyForDeploymentPostprocessing = 0;
		};
/* End PBXSourcesBuildPhase section */

/* Begin PBXTargetDependency section */
		E52A8CFB2D1155EB001EF289 /* PBXTargetDependency */ = {
			isa = PBXTargetDependency;
			target = E52A8CDF2D1155E4001EF289 /* Assesment */;
			targetProxy = E52A8CFA2D1155EB001EF289 /* PBXContainerItemProxy */;
		};
		E52A8D052D1155EB001EF289 /* PBXTargetDependency */ = {
			isa = PBXTargetDependency;
			target = E52A8CDF2D1155E4001EF289 /* Assesment */;
			targetProxy = E52A8D042D1155EB001EF289 /* PBXContainerItemProxy */;
		};
/* End PBXTargetDependency section */

/* Begin XCBuildConfiguration section */
		E52A8D0D2D1155EB001EF289 /* Debug */ = {
			isa = XCBuildConfiguration;
			buildSettings = {
				ASSETCATALOG_COMPILER_APPICON_NAME = AppIcon;
				ASSETCATALOG_COMPILER_GLOBAL_ACCENT_COLOR_NAME = AccentColor;
				CODE_SIGN_STYLE = Automatic;
				CURRENT_PROJECT_VERSION = 1;
				DEVELOPMENT_TEAM = GZCX7NB8V3;
				GENERATE_INFOPLIST_FILE = YES;
				INFOPLIST_FILE = Assesment/Info.plist;
				INFOPLIST_KEY_UIApplicationSupportsIndirectInputEvents = YES;
				INFOPLIST_KEY_UILaunchStoryboardName = LaunchScreen;
				INFOPLIST_KEY_UIMainStoryboardFile = Main;
				INFOPLIST_KEY_UISupportedInterfaceOrientations_iPad = "UIInterfaceOrientationPortrait UIInterfaceOrientationPortraitUpsideDown UIInterfaceOrientationLandscapeLeft UIInterfaceOrientationLandscapeRight";
				INFOPLIST_KEY_UISupportedInterfaceOrientations_iPhone = "UIInterfaceOrientationPortrait UIInterfaceOrientationLandscapeLeft UIInterfaceOrientationLandscapeRight";
				LD_RUNPATH_SEARCH_PATHS = (
					"$(inherited)",
					"@executable_path/Frameworks",
				);
				MARKETING_VERSION = 1.0;
				PRODUCT_BUNDLE_IDENTIFIER = com.edevane.Assesment;
				PRODUCT_NAME = "$(TARGET_NAME)";
				SWIFT_EMIT_LOC_STRINGS = YES;
				SWIFT_VERSION = 5.0;
				TARGETED_DEVICE_FAMILY = "1,2";
			};
			name = Debug;
		};
		E52A8D0E2D1155EB001EF289 /* Release */ = {
			isa = XCBuildConfiguration;
			buildSettings = {
				ASSETCATALOG_COMPILER_APPICON_NAME = AppIcon;
				ASSETCATALOG_COMPILER_GLOBAL_ACCENT_COLOR_NAME = AccentColor;
				CODE_SIGN_STYLE = Automatic;
				CURRENT_PROJECT_VERSION = 1;
				DEVELOPMENT_TEAM = GZCX7NB8V3;
				GENERATE_INFOPLIST_FILE = YES;
				INFOPLIST_FILE = Assesment/Info.plist;
				INFOPLIST_KEY_UIApplicationSupportsIndirectInputEvents = YES;
				INFOPLIST_KEY_UILaunchStoryboardName = LaunchScreen;
				INFOPLIST_KEY_UIMainStoryboardFile = Main;
				INFOPLIST_KEY_UISupportedInterfaceOrientations_iPad = "UIInterfaceOrientationPortrait UIInterfaceOrientationPortraitUpsideDown UIInterfaceOrientationLandscapeLeft UIInterfaceOrientationLandscapeRight";
				INFOPLIST_KEY_UISupportedInterfaceOrientations_iPhone = "UIInterfaceOrientationPortrait UIInterfaceOrientationLandscapeLeft UIInterfaceOrientationLandscapeRight";
				LD_RUNPATH_SEARCH_PATHS = (
					"$(inherited)",
					"@executable_path/Frameworks",
				);
				MARKETING_VERSION = 1.0;
				PRODUCT_BUNDLE_IDENTIFIER = com.edevane.Assesment;
				PRODUCT_NAME = "$(TARGET_NAME)";
				SWIFT_EMIT_LOC_STRINGS = YES;
				SWIFT_VERSION = 5.0;
				TARGETED_DEVICE_FAMILY = "1,2";
			};
			name = Release;
		};
		E52A8D0F2D1155EB001EF289 /* Debug */ = {
			isa = XCBuildConfiguration;
			buildSettings = {
				ALWAYS_SEARCH_USER_PATHS = NO;
				ASSETCATALOG_COMPILER_GENERATE_SWIFT_ASSET_SYMBOL_EXTENSIONS = YES;
				CLANG_ANALYZER_NONNULL = YES;
				CLANG_ANALYZER_NUMBER_OBJECT_CONVERSION = YES_AGGRESSIVE;
				CLANG_CXX_LANGUAGE_STANDARD = "gnu++20";
				CLANG_ENABLE_MODULES = YES;
				CLANG_ENABLE_OBJC_ARC = YES;
				CLANG_ENABLE_OBJC_WEAK = YES;
				CLANG_WARN_BLOCK_CAPTURE_AUTORELEASING = YES;
				CLANG_WARN_BOOL_CONVERSION = YES;
				CLANG_WARN_COMMA = YES;
				CLANG_WARN_CONSTANT_CONVERSION = YES;
				CLANG_WARN_DEPRECATED_OBJC_IMPLEMENTATIONS = YES;
				CLANG_WARN_DIRECT_OBJC_ISA_USAGE = YES_ERROR;
				CLANG_WARN_DOCUMENTATION_COMMENTS = YES;
				CLANG_WARN_EMPTY_BODY = YES;
				CLANG_WARN_ENUM_CONVERSION = YES;
				CLANG_WARN_INFINITE_RECURSION = YES;
				CLANG_WARN_INT_CONVERSION = YES;
				CLANG_WARN_NON_LITERAL_NULL_CONVERSION = YES;
				CLANG_WARN_OBJC_IMPLICIT_RETAIN_SELF = YES;
				CLANG_WARN_OBJC_LITERAL_CONVERSION = YES;
				CLANG_WARN_OBJC_ROOT_CLASS = YES_ERROR;
				CLANG_WARN_QUOTED_INCLUDE_IN_FRAMEWORK_HEADER = YES;
				CLANG_WARN_RANGE_LOOP_ANALYSIS = YES;
				CLANG_WARN_STRICT_PROTOTYPES = YES;
				CLANG_WARN_SUSPICIOUS_MOVE = YES;
				CLANG_WARN_UNGUARDED_AVAILABILITY = YES_AGGRESSIVE;
				CLANG_WARN_UNREACHABLE_CODE = YES;
				CLANG_WARN__DUPLICATE_METHOD_MATCH = YES;
				COPY_PHASE_STRIP = NO;
				DEBUG_INFORMATION_FORMAT = dwarf;
				ENABLE_STRICT_OBJC_MSGSEND = YES;
				ENABLE_TESTABILITY = YES;
				ENABLE_USER_SCRIPT_SANDBOXING = YES;
				GCC_C_LANGUAGE_STANDARD = gnu17;
				GCC_DYNAMIC_NO_PIC = NO;
				GCC_NO_COMMON_BLOCKS = YES;
				GCC_OPTIMIZATION_LEVEL = 0;
				GCC_PREPROCESSOR_DEFINITIONS = (
					"DEBUG=1",
					"$(inherited)",
				);
				GCC_WARN_64_TO_32_BIT_CONVERSION = YES;
				GCC_WARN_ABOUT_RETURN_TYPE = YES_ERROR;
				GCC_WARN_UNDECLARED_SELECTOR = YES;
				GCC_WARN_UNINITIALIZED_AUTOS = YES_AGGRESSIVE;
				GCC_WARN_UNUSED_FUNCTION = YES;
				GCC_WARN_UNUSED_VARIABLE = YES;
				IPHONEOS_DEPLOYMENT_TARGET = 18.2;
				LOCALIZATION_PREFERS_STRING_CATALOGS = YES;
				MTL_ENABLE_DEBUG_INFO = INCLUDE_SOURCE;
				MTL_FAST_MATH = YES;
				ONLY_ACTIVE_ARCH = YES;
				SDKROOT = iphoneos;
				SWIFT_ACTIVE_COMPILATION_CONDITIONS = "DEBUG $(inherited)";
				SWIFT_OPTIMIZATION_LEVEL = "-Onone";
			};
			name = Debug;
		};
		E52A8D102D1155EB001EF289 /* Release */ = {
			isa = XCBuildConfiguration;
			buildSettings = {
				ALWAYS_SEARCH_USER_PATHS = NO;
				ASSETCATALOG_COMPILER_GENERATE_SWIFT_ASSET_SYMBOL_EXTENSIONS = YES;
				CLANG_ANALYZER_NONNULL = YES;
				CLANG_ANALYZER_NUMBER_OBJECT_CONVERSION = YES_AGGRESSIVE;
				CLANG_CXX_LANGUAGE_STANDARD = "gnu++20";
				CLANG_ENABLE_MODULES = YES;
				CLANG_ENABLE_OBJC_ARC = YES;
				CLANG_ENABLE_OBJC_WEAK = YES;
				CLANG_WARN_BLOCK_CAPTURE_AUTORELEASING = YES;
				CLANG_WARN_BOOL_CONVERSION = YES;
				CLANG_WARN_COMMA = YES;
				CLANG_WARN_CONSTANT_CONVERSION = YES;
				CLANG_WARN_DEPRECATED_OBJC_IMPLEMENTATIONS = YES;
				CLANG_WARN_DIRECT_OBJC_ISA_USAGE = YES_ERROR;
				CLANG_WARN_DOCUMENTATION_COMMENTS = YES;
				CLANG_WARN_EMPTY_BODY = YES;
				CLANG_WARN_ENUM_CONVERSION = YES;
				CLANG_WARN_INFINITE_RECURSION = YES;
				CLANG_WARN_INT_CONVERSION = YES;
				CLANG_WARN_NON_LITERAL_NULL_CONVERSION = YES;
				CLANG_WARN_OBJC_IMPLICIT_RETAIN_SELF = YES;
				CLANG_WARN_OBJC_LITERAL_CONVERSION = YES;
				CLANG_WARN_OBJC_ROOT_CLASS = YES_ERROR;
				CLANG_WARN_QUOTED_INCLUDE_IN_FRAMEWORK_HEADER = YES;
				CLANG_WARN_RANGE_LOOP_ANALYSIS = YES;
				CLANG_WARN_STRICT_PROTOTYPES = YES;
				CLANG_WARN_SUSPICIOUS_MOVE = YES;
				CLANG_WARN_UNGUARDED_AVAILABILITY = YES_AGGRESSIVE;
				CLANG_WARN_UNREACHABLE_CODE = YES;
				CLANG_WARN__DUPLICATE_METHOD_MATCH = YES;
				COPY_PHASE_STRIP = NO;
				DEBUG_INFORMATION_FORMAT = "dwarf-with-dsym";
				ENABLE_NS_ASSERTIONS = NO;
				ENABLE_STRICT_OBJC_MSGSEND = YES;
				ENABLE_USER_SCRIPT_SANDBOXING = YES;
				GCC_C_LANGUAGE_STANDARD = gnu17;
				GCC_NO_COMMON_BLOCKS = YES;
				GCC_WARN_64_TO_32_BIT_CONVERSION = YES;
				GCC_WARN_ABOUT_RETURN_TYPE = YES_ERROR;
				GCC_WARN_UNDECLARED_SELECTOR = YES;
				GCC_WARN_UNINITIALIZED_AUTOS = YES_AGGRESSIVE;
				GCC_WARN_UNUSED_FUNCTION = YES;
				GCC_WARN_UNUSED_VARIABLE = YES;
				IPHONEOS_DEPLOYMENT_TARGET = 18.2;
				LOCALIZATION_PREFERS_STRING_CATALOGS = YES;
				MTL_ENABLE_DEBUG_INFO = NO;
				MTL_FAST_MATH = YES;
				SDKROOT = iphoneos;
				SWIFT_COMPILATION_MODE = wholemodule;
				VALIDATE_PRODUCT = YES;
			};
			name = Release;
		};
		E52A8D122D1155EB001EF289 /* Debug */ = {
			isa = XCBuildConfiguration;
			buildSettings = {
				BUNDLE_LOADER = "$(TEST_HOST)";
				CODE_SIGN_STYLE = Automatic;
				CURRENT_PROJECT_VERSION = 1;
				DEVELOPMENT_TEAM = GZCX7NB8V3;
				GENERATE_INFOPLIST_FILE = YES;
				IPHONEOS_DEPLOYMENT_TARGET = 18.2;
				MARKETING_VERSION = 1.0;
				PRODUCT_BUNDLE_IDENTIFIER = com.edevane.AssesmentTests;
				PRODUCT_NAME = "$(TARGET_NAME)";
				SWIFT_EMIT_LOC_STRINGS = NO;
				SWIFT_VERSION = 5.0;
				TARGETED_DEVICE_FAMILY = "1,2";
				TEST_HOST = "$(BUILT_PRODUCTS_DIR)/Assesment.app/$(BUNDLE_EXECUTABLE_FOLDER_PATH)/Assesment";
			};
			name = Debug;
		};
		E52A8D132D1155EB001EF289 /* Release */ = {
			isa = XCBuildConfiguration;
			buildSettings = {
				BUNDLE_LOADER = "$(TEST_HOST)";
				CODE_SIGN_STYLE = Automatic;
				CURRENT_PROJECT_VERSION = 1;
				DEVELOPMENT_TEAM = GZCX7NB8V3;
				GENERATE_INFOPLIST_FILE = YES;
				IPHONEOS_DEPLOYMENT_TARGET = 18.2;
				MARKETING_VERSION = 1.0;
				PRODUCT_BUNDLE_IDENTIFIER = com.edevane.AssesmentTests;
				PRODUCT_NAME = "$(TARGET_NAME)";
				SWIFT_EMIT_LOC_STRINGS = NO;
				SWIFT_VERSION = 5.0;
				TARGETED_DEVICE_FAMILY = "1,2";
				TEST_HOST = "$(BUILT_PRODUCTS_DIR)/Assesment.app/$(BUNDLE_EXECUTABLE_FOLDER_PATH)/Assesment";
			};
			name = Release;
		};
		E52A8D152D1155EB001EF289 /* Debug */ = {
			isa = XCBuildConfiguration;
			buildSettings = {
				CODE_SIGN_STYLE = Automatic;
				CURRENT_PROJECT_VERSION = 1;
				DEVELOPMENT_TEAM = GZCX7NB8V3;
				GENERATE_INFOPLIST_FILE = YES;
				MARKETING_VERSION = 1.0;
				PRODUCT_BUNDLE_IDENTIFIER = com.edevane.AssesmentUITests;
				PRODUCT_NAME = "$(TARGET_NAME)";
				SWIFT_EMIT_LOC_STRINGS = NO;
				SWIFT_VERSION = 5.0;
				TARGETED_DEVICE_FAMILY = "1,2";
				TEST_TARGET_NAME = Assesment;
			};
			name = Debug;
		};
		E52A8D162D1155EB001EF289 /* Release */ = {
			isa = XCBuildConfiguration;
			buildSettings = {
				CODE_SIGN_STYLE = Automatic;
				CURRENT_PROJECT_VERSION = 1;
				DEVELOPMENT_TEAM = GZCX7NB8V3;
				GENERATE_INFOPLIST_FILE = YES;
				MARKETING_VERSION = 1.0;
				PRODUCT_BUNDLE_IDENTIFIER = com.edevane.AssesmentUITests;
				PRODUCT_NAME = "$(TARGET_NAME)";
				SWIFT_EMIT_LOC_STRINGS = NO;
				SWIFT_VERSION = 5.0;
				TARGETED_DEVICE_FAMILY = "1,2";
				TEST_TARGET_NAME = Assesment;
			};
			name = Release;
		};
/* End XCBuildConfiguration section */

/* Begin XCConfigurationList section */
		E52A8CDB2D1155E4001EF289 /* Build configuration list for PBXProject "Assesment" */ = {
			isa = XCConfigurationList;
			buildConfigurations = (
				E52A8D0F2D1155EB001EF289 /* Debug */,
				E52A8D102D1155EB001EF289 /* Release */,
			);
			defaultConfigurationIsVisible = 0;
			defaultConfigurationName = Release;
		};
		E52A8D0C2D1155EB001EF289 /* Build configuration list for PBXNativeTarget "Assesment" */ = {
			isa = XCConfigurationList;
			buildConfigurations = (
				E52A8D0D2D1155EB001EF289 /* Debug */,
				E52A8D0E2D1155EB001EF289 /* Release */,
			);
			defaultConfigurationIsVisible = 0;
			defaultConfigurationName = Release;
		};
		E52A8D112D1155EB001EF289 /* Build configuration list for PBXNativeTarget "AssesmentTests" */ = {
			isa = XCConfigurationList;
			buildConfigurations = (
				E52A8D122D1155EB001EF289 /* Debug */,
				E52A8D132D1155EB001EF289 /* Release */,
			);
			defaultConfigurationIsVisible = 0;
			defaultConfigurationName = Release;
		};
		E52A8D142D1155EB001EF289 /* Build configuration list for PBXNativeTarget "AssesmentUITests" */ = {
			isa = XCConfigurationList;
			buildConfigurations = (
				E52A8D152D1155EB001EF289 /* Debug */,
				E52A8D162D1155EB001EF289 /* Release */,
			);
			defaultConfigurationIsVisible = 0;
			defaultConfigurationName = Release;
		};
/* End XCConfigurationList section */
	};
	rootObject = E52A8CD82D1155E4001EF289 /* Project object */;
}
